
Microsoft Visual Studio Solution File, Format Version 12.00
# Visual Studio Version 16
VisualStudioVersion = 16.0.31019.35
MinimumVisualStudioVersion = 10.0.40219.1
Project("{FAE04EC0-301F-11D3-BF4B-00C04F79EFBC}") = "YurtKayitSistemi", "YurtKayitSistemi\YurtKayitSistemi.csproj", "{7CEC12B9-19EC-4E89-95E0-DF2C56C8E4EE}"
EndProject
Global
	GlobalSection(SolutionConfigurationPlatforms) = preSolution
		Debug|Any CPU = Debug|Any CPU
		Release|Any CPU = Release|Any CPU
	EndGlobalSection
	GlobalSection(ProjectConfigurationPlatforms) = postSolution
		{7CEC12B9-19EC-4E89-95E0-DF2C56C8E4EE}.Debug|Any CPU.ActiveCfg = Debug|Any CPU
		{7CEC12B9-19EC-4E89-95E0-DF2C56C8E4EE}.Debug|Any CPU.Build.0 = Debug|Any CPU
		{7CEC12B9-19EC-4E89-95E0-DF2C56C8E4EE}.Release|Any CPU.ActiveCfg = Release|Any CPU
		{7CEC12B9-19EC-4E89-95E0-DF2C56C8E4EE}.Release|Any CPU.Build.0 = Release|Any CPU
	EndGlobalSection
	GlobalSection(SolutionProperties) = preSolution
		HideSolutionNode = FALSE
	EndGlobalSection
	GlobalSection(ExtensibilityGlobals) = postSolution
		SolutionGuid = {DD7F0742-378D-48D0-953C-5259240D8484}
	EndGlobalSection
EndGlobal
